id: ampkey_amp_ptt
label: Power Amplifier PTT
category: '[ampkey]'

templates:
  imports: import ampkey
  # ${type.size}*${vlen} allows for selecting input data type/# inputs/outputs
  make: ampkey.amp_ptt(${type.size}*${vlen}, ${pre_tx}, ${post_tx}, ${file})


#  Make one 'parameters' list entry for every parameter you want settable from the GUI.
#     Keys include:
#     * id (makes the value accessible as \$keyname, e.g. in the make entry)
#     * label (label shown in the GUI)
#     * dtype (e.g. int, float, complex, byte, short, xxx_vector, ...)
parameters:
# allows selection of input data type
- id: type
  label: Type
  dtype: enum
  options: [complex, float, int, short, byte]
  option_attributes:
      size: [gr.sizeof_gr_complex, gr.sizeof_float, gr.sizeof_int, gr.sizeof_short,
          gr.sizeof_char]
  hide: part
# allows select #inputs
- id: num_ports
  label: Num Ports
  dtype: int
  default: '1'
  hide: part
# for setting length of data type used
- id: vlen
  label: Vec Length
  dtype: int
  default: '1'
  hide: ${ 'part' if vlen == 1 else 'none' }
# time to keep amp keyed before first data is sent
- id: pre_tx
  label: Pre TX Delay (ms)
  dtype: int
  default: 50
# time to keep amp keyed after last data is sent
- id: post_tx
  label: Post TX Delay (ms)
  dtype: int
  default: 50
# location of file that controls USB/serial cable
- id: file
  label: USB/serial cable file
  dtype: string
  default: /dev/ptt


#  Make one 'inputs' list entry per input and one 'outputs' list entry per output.
#  Keys include:
#      * label (an identifier for the GUI)
#      * domain (optional - stream or message. Default is stream)
#      * dtype (e.g. int, float, complex, byte, short, xxx_vector, ...)
#      * vlen (optional - data stream vector length. Default is 1)
#      * optional (optional - set to 1 for optional inputs. Default is 0)
# input that has selectible type and # inputs
inputs:
-   domain: stream
    dtype: ${ type }
    vlen: ${ vlen }
    multiplicity: ${ num_ports }


# summary of this blocks purpose that will appear in the documentation tab of its properties
documentation: |-
    This block toggles the rts# pin of a usb/serial cable before, during, and after the USRP transmits data.

# dont allow there to be < 1 ports, so minimum # inputs is 1
asserts:
- ${ num_ports > 0 }
- ${ vlen > 0 }

#  'file_format' specifies the version of the GRC yml format used in the file
#  and should usually not be changed.
file_format: 1
